// !$*UTF8*$!
{
	archiveVersion = 1;
	classes = {
	};
	objectVersion = 46;
	objects = {

/* Begin PBXFileReference section */
		35A018D215F785BA00046F4B /* uart.c */ = {isa = PBXFileReference; fileEncoding = 4; lastKnownFileType = sourcecode.c.c; path = uart.c; sourceTree = "<group>"; };
		35A018D315F8B38B00046F4B /* commandInterface.c */ = {isa = PBXFileReference; fileEncoding = 4; lastKnownFileType = sourcecode.c.c; path = commandInterface.c; sourceTree = "<group>"; };
		35A4876415A08B7D00261D14 /* main.c */ = {isa = PBXFileReference; lastKnownFileType = sourcecode.c.c; path = main.c; sourceTree = "<group>"; };
		35A4876515A08B7D00261D14 /* Makefile */ = {isa = PBXFileReference; lastKnownFileType = sourcecode.make; path = Makefile; sourceTree = "<group>"; };
/* End PBXFileReference section */

/* Begin PBXGroup section */
		35A4875915A08B7C00261D14 = {
			isa = PBXGroup;
			children = (
				35A4876315A08B7D00261D14 /* testSTK */,
			);
			sourceTree = "<group>";
		};
		35A4876315A08B7D00261D14 /* testSTK */ = {
			isa = PBXGroup;
			children = (
				35A4876415A08B7D00261D14 /* main.c */,
				35A4876515A08B7D00261D14 /* Makefile */,
				35A018D215F785BA00046F4B /* uart.c */,
				35A018D315F8B38B00046F4B /* commandInterface.c */,
			);
			path = testSTK;
			sourceTree = "<group>";
		};
/* End PBXGroup section */

/* Begin PBXLegacyTarget section */
		35A4876015A08B7D00261D14 /* build */ = {
			isa = PBXLegacyTarget;
			buildArgumentsString = "all -C $(PROJECT)";
			buildConfigurationList = 35A4876815A08B7D00261D14 /* Build configuration list for PBXLegacyTarget "build" */;
			buildPhases = (
			);
			buildToolPath = "/usr/local/CrossPack-AVR/bin/make";
			buildWorkingDirectory = "";
			dependencies = (
			);
			name = build;
			passBuildSettingsInEnvironment = 1;
			productName = build;
		};
		35A4876115A08B7D00261D14 /* fuse */ = {
			isa = PBXLegacyTarget;
			buildArgumentsString = "fuse -C $(PROJECT)";
			buildConfigurationList = 35A4876B15A08B7D00261D14 /* Build configuration list for PBXLegacyTarget "fuse" */;
			buildPhases = (
			);
			buildToolPath = "/usr/local/CrossPack-AVR/bin/make";
			buildWorkingDirectory = "";
			dependencies = (
			);
			name = fuse;
			passBuildSettingsInEnvironment = 1;
			productName = fuse;
		};
		35A4876215A08B7D00261D14 /* flash */ = {
			isa = PBXLegacyTarget;
			buildArgumentsString = "flash -C $(PROJECT)";
			buildConfigurationList = 35A4876E15A08B7D00261D14 /* Build configuration list for PBXLegacyTarget "flash" */;
			buildPhases = (
			);
			buildToolPath = "/usr/local/CrossPack-AVR/bin/make";
			buildWorkingDirectory = "";
			dependencies = (
			);
			name = flash;
			passBuildSettingsInEnvironment = 1;
			productName = flash;
		};
/* End PBXLegacyTarget section */

/* Begin PBXProject section */
		35A4875B15A08B7C00261D14 /* Project object */ = {
			isa = PBXProject;
			attributes = {
				LastUpgradeCheck = 0440;
			};
			buildConfigurationList = 35A4875E15A08B7C00261D14 /* Build configuration list for PBXProject "testSTK" */;
			compatibilityVersion = "Xcode 3.2";
			developmentRegion = English;
			hasScannedForEncodings = 0;
			knownRegions = (
				en,
			);
			mainGroup = 35A4875915A08B7C00261D14;
			projectDirPath = "";
			projectRoot = "";
			targets = (
				35A4876015A08B7D00261D14 /* build */,
				35A4876215A08B7D00261D14 /* flash */,
				35A4876115A08B7D00261D14 /* fuse */,
			);
		};
/* End PBXProject section */

/* Begin XCBuildConfiguration section */
		35A4876615A08B7D00261D14 /* Debug */ = {
			isa = XCBuildConfiguration;
			buildSettings = {
				ALWAYS_SEARCH_USER_PATHS = NO;
				COPY_PHASE_STRIP = NO;
				GCC_C_LANGUAGE_STANDARD = gnu99;
				GCC_DYNAMIC_NO_PIC = NO;
				GCC_OPTIMIZATION_LEVEL = 0;
				GCC_PREPROCESSOR_DEFINITIONS = (
					"DEBUG=1",
					"$(inherited)",
				);
				GCC_SYMBOLS_PRIVATE_EXTERN = NO;
				GCC_WARN_ABOUT_RETURN_TYPE = YES;
				GCC_WARN_UNINITIALIZED_AUTOS = YES;
				GCC_WARN_UNUSED_VARIABLE = YES;
				OTHER_CFLAGS = "";
				OTHER_LDFLAGS = "";
				PATH = "$(PATH):/usr/local/CrossPack-AVR/bin";
			};
			name = Debug;
		};
		35A4876715A08B7D00261D14 /* Release */ = {
			isa = XCBuildConfiguration;
			buildSettings = {
				ALWAYS_SEARCH_USER_PATHS = NO;
				COPY_PHASE_STRIP = YES;
				GCC_C_LANGUAGE_STANDARD = gnu99;
				GCC_WARN_ABOUT_RETURN_TYPE = YES;
				GCC_WARN_UNINITIALIZED_AUTOS = YES;
				GCC_WARN_UNUSED_VARIABLE = YES;
				OTHER_CFLAGS = "";
				OTHER_LDFLAGS = "";
				PATH = "$(PATH):/usr/local/CrossPack-AVR/bin";
			};
			name = Release;
		};
		35A4876915A08B7D00261D14 /* Debug */ = {
			isa = XCBuildConfiguration;
			buildSettings = {
				COMBINE_HIDPI_IMAGES = YES;
				PRODUCT_NAME = "$(TARGET_NAME)";
			};
			name = Debug;
		};
		35A4876A15A08B7D00261D14 /* Release */ = {
			isa = XCBuildConfiguration;
			buildSettings = {
				COMBINE_HIDPI_IMAGES = YES;
				PRODUCT_NAME = "$(TARGET_NAME)";
			};
			name = Release;
		};
		35A4876C15A08B7D00261D14 /* Debug */ = {
			isa = XCBuildConfiguration;
			buildSettings = {
				COMBINE_HIDPI_IMAGES = YES;
			};
			name = Debug;
		};
		35A4876D15A08B7D00261D14 /* Release */ = {
			isa = XCBuildConfiguration;
			buildSettings = {
				COMBINE_HIDPI_IMAGES = YES;
			};
			name = Release;
		};
		35A4876F15A08B7D00261D14 /* Debug */ = {
			isa = XCBuildConfiguration;
			buildSettings = {
				COMBINE_HIDPI_IMAGES = YES;
			};
			name = Debug;
		};
		35A4877015A08B7D00261D14 /* Release */ = {
			isa = XCBuildConfiguration;
			buildSettings = {
				COMBINE_HIDPI_IMAGES = YES;
			};
			name = Release;
		};
/* End XCBuildConfiguration section */

/* Begin XCConfigurationList section */
		35A4875E15A08B7C00261D14 /* Build configuration list for PBXProject "testSTK" */ = {
			isa = XCConfigurationList;
			buildConfigurations = (
				35A4876615A08B7D00261D14 /* Debug */,
				35A4876715A08B7D00261D14 /* Release */,
			);
			defaultConfigurationIsVisible = 0;
			defaultConfigurationName = Release;
		};
		35A4876815A08B7D00261D14 /* Build configuration list for PBXLegacyTarget "build" */ = {
			isa = XCConfigurationList;
			buildConfigurations = (
				35A4876915A08B7D00261D14 /* Debug */,
				35A4876A15A08B7D00261D14 /* Release */,
			);
			defaultConfigurationIsVisible = 0;
			defaultConfigurationName = Release;
		};
		35A4876B15A08B7D00261D14 /* Build configuration list for PBXLegacyTarget "fuse" */ = {
			isa = XCConfigurationList;
			buildConfigurations = (
				35A4876C15A08B7D00261D14 /* Debug */,
				35A4876D15A08B7D00261D14 /* Release */,
			);
			defaultConfigurationIsVisible = 0;
			defaultConfigurationName = Release;
		};
		35A4876E15A08B7D00261D14 /* Build configuration list for PBXLegacyTarget "flash" */ = {
			isa = XCConfigurationList;
			buildConfigurations = (
				35A4876F15A08B7D00261D14 /* Debug */,
				35A4877015A08B7D00261D14 /* Release */,
			);
			defaultConfigurationIsVisible = 0;
			defaultConfigurationName = Release;
		};
/* End XCConfigurationList section */
	};
	rootObject = 35A4875B15A08B7C00261D14 /* Project object */;
}
